
Microsoft Visual Studio Solution File, Format Version 12.00
# Visual Studio Version 17
VisualStudioVersion = 17.10.35004.147
MinimumVisualStudioVersion = 10.0.40219.1
Project("{9A19103F-16F7-4668-BE54-9A1E7A4F7556}") = "LMS.API.IntEngine", "LMS\LMS.API.IntEngine.csproj", "{ED02BFE4-C940-4B42-B593-73007D41E764}"
EndProject
Project("{2150E333-8FDC-42A3-9474-1A3956D46DE8}") = "Repository", "Repository", "{D42A1059-C5A7-4CBF-ADDD-C2A5BFF9E413}"
EndProject
Project("{9A19103F-16F7-4668-BE54-9A1E7A4F7556}") = "LMS.API.Business", "LMS.API.Business\LMS.API.Business.csproj", "{8D77FCB2-033F-4B47-9D53-DE4CD69150A9}"
EndProject
Project("{2150E333-8FDC-42A3-9474-1A3956D46DE8}") = "APICore", "APICore", "{98B75BFE-8E59-4BEC-B0D3-B865F86F0C67}"
EndProject
Project("{2150E333-8FDC-42A3-9474-1A3956D46DE8}") = "API", "API", "{C923FEBB-34DC-4457-8692-4EC6D3E45371}"
EndProject
Project("{9A19103F-16F7-4668-BE54-9A1E7A4F7556}") = "LMS.API.DataManagement", "LMS.API.DataManagement\LMS.API.DataManagement.csproj", "{326CF5C9-FD56-4037-AC7A-B13B1C11088F}"
EndProject
Project("{9A19103F-16F7-4668-BE54-9A1E7A4F7556}") = "LMS.API.DataModel", "LMS.API.DataModel\LMS.API.DataModel.csproj", "{E31F6AFE-3C93-43DA-A64B-BB614961C60A}"
EndProject
Project("{9A19103F-16F7-4668-BE54-9A1E7A4F7556}") = "LMS.API.Extensions", "LMS.API.Extension\LMS.API.Extensions.csproj", "{BB2C54BC-84B9-4EF0-88BC-BF3DB35926ED}"
EndProject
Project("{9A19103F-16F7-4668-BE54-9A1E7A4F7556}") = "LMS.API.Logging", "LMS.API.Logging\LMS.API.Logging.csproj", "{9E3AE198-3900-496B-8C26-D4C9D49DD47E}"
EndProject
Project("{9A19103F-16F7-4668-BE54-9A1E7A4F7556}") = "LMS.Repository.Authentication", "LMS.API.Administration\LMS.Repository.Authentication.csproj", "{1F27F757-28EA-4942-B93A-B6B35E3187C3}"
EndProject
Global
	GlobalSection(SolutionConfigurationPlatforms) = preSolution
		Debug|Any CPU = Debug|Any CPU
		Release|Any CPU = Release|Any CPU
	EndGlobalSection
	GlobalSection(ProjectConfigurationPlatforms) = postSolution
		{ED02BFE4-C940-4B42-B593-73007D41E764}.Debug|Any CPU.ActiveCfg = Debug|Any CPU
		{ED02BFE4-C940-4B42-B593-73007D41E764}.Debug|Any CPU.Build.0 = Debug|Any CPU
		{ED02BFE4-C940-4B42-B593-73007D41E764}.Release|Any CPU.ActiveCfg = Release|Any CPU
		{ED02BFE4-C940-4B42-B593-73007D41E764}.Release|Any CPU.Build.0 = Release|Any CPU
		{8D77FCB2-033F-4B47-9D53-DE4CD69150A9}.Debug|Any CPU.ActiveCfg = Debug|Any CPU
		{8D77FCB2-033F-4B47-9D53-DE4CD69150A9}.Debug|Any CPU.Build.0 = Debug|Any CPU
		{8D77FCB2-033F-4B47-9D53-DE4CD69150A9}.Release|Any CPU.ActiveCfg = Release|Any CPU
		{8D77FCB2-033F-4B47-9D53-DE4CD69150A9}.Release|Any CPU.Build.0 = Release|Any CPU
		{326CF5C9-FD56-4037-AC7A-B13B1C11088F}.Debug|Any CPU.ActiveCfg = Debug|Any CPU
		{326CF5C9-FD56-4037-AC7A-B13B1C11088F}.Debug|Any CPU.Build.0 = Debug|Any CPU
		{326CF5C9-FD56-4037-AC7A-B13B1C11088F}.Release|Any CPU.ActiveCfg = Release|Any CPU
		{326CF5C9-FD56-4037-AC7A-B13B1C11088F}.Release|Any CPU.Build.0 = Release|Any CPU
		{E31F6AFE-3C93-43DA-A64B-BB614961C60A}.Debug|Any CPU.ActiveCfg = Debug|Any CPU
		{E31F6AFE-3C93-43DA-A64B-BB614961C60A}.Debug|Any CPU.Build.0 = Debug|Any CPU
		{E31F6AFE-3C93-43DA-A64B-BB614961C60A}.Release|Any CPU.ActiveCfg = Release|Any CPU
		{E31F6AFE-3C93-43DA-A64B-BB614961C60A}.Release|Any CPU.Build.0 = Release|Any CPU
		{BB2C54BC-84B9-4EF0-88BC-BF3DB35926ED}.Debug|Any CPU.ActiveCfg = Debug|Any CPU
		{BB2C54BC-84B9-4EF0-88BC-BF3DB35926ED}.Debug|Any CPU.Build.0 = Debug|Any CPU
		{BB2C54BC-84B9-4EF0-88BC-BF3DB35926ED}.Release|Any CPU.ActiveCfg = Release|Any CPU
		{BB2C54BC-84B9-4EF0-88BC-BF3DB35926ED}.Release|Any CPU.Build.0 = Release|Any CPU
		{9E3AE198-3900-496B-8C26-D4C9D49DD47E}.Debug|Any CPU.ActiveCfg = Debug|Any CPU
		{9E3AE198-3900-496B-8C26-D4C9D49DD47E}.Debug|Any CPU.Build.0 = Debug|Any CPU
		{9E3AE198-3900-496B-8C26-D4C9D49DD47E}.Release|Any CPU.ActiveCfg = Release|Any CPU
		{9E3AE198-3900-496B-8C26-D4C9D49DD47E}.Release|Any CPU.Build.0 = Release|Any CPU
		{1F27F757-28EA-4942-B93A-B6B35E3187C3}.Debug|Any CPU.ActiveCfg = Debug|Any CPU
		{1F27F757-28EA-4942-B93A-B6B35E3187C3}.Debug|Any CPU.Build.0 = Debug|Any CPU
		{1F27F757-28EA-4942-B93A-B6B35E3187C3}.Release|Any CPU.ActiveCfg = Release|Any CPU
		{1F27F757-28EA-4942-B93A-B6B35E3187C3}.Release|Any CPU.Build.0 = Release|Any CPU
	EndGlobalSection
	GlobalSection(SolutionProperties) = preSolution
		HideSolutionNode = FALSE
	EndGlobalSection
	GlobalSection(NestedProjects) = preSolution
		{8D77FCB2-033F-4B47-9D53-DE4CD69150A9} = {D42A1059-C5A7-4CBF-ADDD-C2A5BFF9E413}
		{326CF5C9-FD56-4037-AC7A-B13B1C11088F} = {C923FEBB-34DC-4457-8692-4EC6D3E45371}
		{E31F6AFE-3C93-43DA-A64B-BB614961C60A} = {C923FEBB-34DC-4457-8692-4EC6D3E45371}
		{BB2C54BC-84B9-4EF0-88BC-BF3DB35926ED} = {98B75BFE-8E59-4BEC-B0D3-B865F86F0C67}
		{9E3AE198-3900-496B-8C26-D4C9D49DD47E} = {98B75BFE-8E59-4BEC-B0D3-B865F86F0C67}
		{1F27F757-28EA-4942-B93A-B6B35E3187C3} = {D42A1059-C5A7-4CBF-ADDD-C2A5BFF9E413}
	EndGlobalSection
	GlobalSection(ExtensibilityGlobals) = postSolution
		SolutionGuid = {467EC72F-D8DB-4A59-A4F3-779D100D856A}
	EndGlobalSection
EndGlobal
